// !$*UTF8*$!
{
	archiveVersion = 1;
	classes = {
	};
	objectVersion = 56;
	objects = {

/* Begin PBXBuildFile section */
		C34A1C4E2AD8195C00587234 /* CountriesApp_SwiftUIApp.swift in Sources */ = {isa = PBXBuildFile; fileRef = C34A1C4D2AD8195C00587234 /* CountriesApp_SwiftUIApp.swift */; };
		C34A1C502AD8195C00587234 /* ContentView.swift in Sources */ = {isa = PBXBuildFile; fileRef = C34A1C4F2AD8195C00587234 /* ContentView.swift */; };
		C34A1C522AD8195D00587234 /* Assets.xcassets in Resources */ = {isa = PBXBuildFile; fileRef = C34A1C512AD8195D00587234 /* Assets.xcassets */; };
		C34A1C552AD8195D00587234 /* Preview Assets.xcassets in Resources */ = {isa = PBXBuildFile; fileRef = C34A1C542AD8195D00587234 /* Preview Assets.xcassets */; };
		C34A1C5E2AD81B8B00587234 /* RoundedTextField.swift in Sources */ = {isa = PBXBuildFile; fileRef = C34A1C5D2AD81B8B00587234 /* RoundedTextField.swift */; };
		C34A1C602AD8300300587234 /* LoginView.swift in Sources */ = {isa = PBXBuildFile; fileRef = C34A1C5F2AD8300300587234 /* LoginView.swift */; };
		C34A1C622AD8370600587234 /* StyledButton.swift in Sources */ = {isa = PBXBuildFile; fileRef = C34A1C612AD8370600587234 /* StyledButton.swift */; };
		C34A1C642AD8381400587234 /* AppleButton.swift in Sources */ = {isa = PBXBuildFile; fileRef = C34A1C632AD8381400587234 /* AppleButton.swift */; };
		C34A1C662AD838C600587234 /* LoginFooterLink.swift in Sources */ = {isa = PBXBuildFile; fileRef = C34A1C652AD838C500587234 /* LoginFooterLink.swift */; };
		C34A1C682AD83AB700587234 /* Owner.swift in Sources */ = {isa = PBXBuildFile; fileRef = C34A1C672AD83AB700587234 /* Owner.swift */; };
		C34A1C6A2AD83B4000587234 /* KeepConectedToggle.swift in Sources */ = {isa = PBXBuildFile; fileRef = C34A1C692AD83B4000587234 /* KeepConectedToggle.swift */; };
		C36CACE02AD99ABB00508454 /* GoogleService-Info.plist in Resources */ = {isa = PBXBuildFile; fileRef = C36CACDF2AD99ABB00508454 /* GoogleService-Info.plist */; };
		C36CACE32AD99B3A00508454 /* FirebaseAnalytics in Frameworks */ = {isa = PBXBuildFile; productRef = C36CACE22AD99B3A00508454 /* FirebaseAnalytics */; };
		C36CACE52AD99B3A00508454 /* FirebaseAnalyticsSwift in Frameworks */ = {isa = PBXBuildFile; productRef = C36CACE42AD99B3A00508454 /* FirebaseAnalyticsSwift */; };
		C36CACE72AD99B3A00508454 /* FirebaseAuth in Frameworks */ = {isa = PBXBuildFile; productRef = C36CACE62AD99B3A00508454 /* FirebaseAuth */; };
		C36CACE92AD99B3A00508454 /* FirebaseFirestore in Frameworks */ = {isa = PBXBuildFile; productRef = C36CACE82AD99B3A00508454 /* FirebaseFirestore */; };
		C36CACEB2AD99B3A00508454 /* FirebaseFirestoreSwift in Frameworks */ = {isa = PBXBuildFile; productRef = C36CACEA2AD99B3A00508454 /* FirebaseFirestoreSwift */; };
		C36CACEE2AD99E1A00508454 /* FirebaseConfig.swift in Sources */ = {isa = PBXBuildFile; fileRef = C36CACED2AD99E1A00508454 /* FirebaseConfig.swift */; };
		C36CACF02AD9A07700508454 /* User.swift in Sources */ = {isa = PBXBuildFile; fileRef = C36CACEF2AD9A07700508454 /* User.swift */; };
		C36CACF22AD9AB5D00508454 /* CountryList2.swift in Sources */ = {isa = PBXBuildFile; fileRef = C36CACF12AD9AB5D00508454 /* CountryList2.swift */; };
		C380E1722AD96939005258A1 /* CountryDetailTitleCard.swift in Sources */ = {isa = PBXBuildFile; fileRef = C380E1712AD96939005258A1 /* CountryDetailTitleCard.swift */; };
		C3A405452AD852B90047473F /* SignUpView.swift in Sources */ = {isa = PBXBuildFile; fileRef = C3A405442AD852B90047473F /* SignUpView.swift */; };
		C3A405472AD867E70047473F /* HomeView.swift in Sources */ = {isa = PBXBuildFile; fileRef = C3A405462AD867E70047473F /* HomeView.swift */; };
		C3A4054A2AD869AE0047473F /* CountryList.swift in Sources */ = {isa = PBXBuildFile; fileRef = C3A405492AD869AE0047473F /* CountryList.swift */; };
		C3A4054C2AD86D0A0047473F /* CountryCard.swift in Sources */ = {isa = PBXBuildFile; fileRef = C3A4054B2AD86D0A0047473F /* CountryCard.swift */; };
		C3A405512AD89CD40047473F /* TabNavigationView.swift in Sources */ = {isa = PBXBuildFile; fileRef = C3A405502AD89CD40047473F /* TabNavigationView.swift */; };
		C3D5B6482AD94A5A001CF583 /* CountryDetailsTab.swift in Sources */ = {isa = PBXBuildFile; fileRef = C3D5B6472AD94A5A001CF583 /* CountryDetailsTab.swift */; };
		C3D5B64A2AD94C2E001CF583 /* CountryMapTab.swift in Sources */ = {isa = PBXBuildFile; fileRef = C3D5B6492AD94C2E001CF583 /* CountryMapTab.swift */; };
		C3D5B64C2AD94C6E001CF583 /* CountryHistoryTab.swift in Sources */ = {isa = PBXBuildFile; fileRef = C3D5B64B2AD94C6E001CF583 /* CountryHistoryTab.swift */; };
		C3D5B64E2AD958E3001CF583 /* CountryDetailCard.swift in Sources */ = {isa = PBXBuildFile; fileRef = C3D5B64D2AD958E3001CF583 /* CountryDetailCard.swift */; };
/* End PBXBuildFile section */

/* Begin PBXFileReference section */
		C34A1C4A2AD8195C00587234 /* CountriesApp SwiftUI.app */ = {isa = PBXFileReference; explicitFileType = wrapper.application; includeInIndex = 0; path = "CountriesApp SwiftUI.app"; sourceTree = BUILT_PRODUCTS_DIR; };
		C34A1C4D2AD8195C00587234 /* CountriesApp_SwiftUIApp.swift */ = {isa = PBXFileReference; lastKnownFileType = sourcecode.swift; path = CountriesApp_SwiftUIApp.swift; sourceTree = "<group>"; };
		C34A1C4F2AD8195C00587234 /* ContentView.swift */ = {isa = PBXFileReference; lastKnownFileType = sourcecode.swift; path = ContentView.swift; sourceTree = "<group>"; };
		C34A1C512AD8195D00587234 /* Assets.xcassets */ = {isa = PBXFileReference; lastKnownFileType = folder.assetcatalog; path = Assets.xcassets; sourceTree = "<group>"; };
		C34A1C542AD8195D00587234 /* Preview Assets.xcassets */ = {isa = PBXFileReference; lastKnownFileType = folder.assetcatalog; path = "Preview Assets.xcassets"; sourceTree = "<group>"; };
		C34A1C5D2AD81B8B00587234 /* RoundedTextField.swift */ = {isa = PBXFileReference; lastKnownFileType = sourcecode.swift; path = RoundedTextField.swift; sourceTree = "<group>"; };
		C34A1C5F2AD8300300587234 /* LoginView.swift */ = {isa = PBXFileReference; lastKnownFileType = sourcecode.swift; path = LoginView.swift; sourceTree = "<group>"; };
		C34A1C612AD8370600587234 /* StyledButton.swift */ = {isa = PBXFileReference; lastKnownFileType = sourcecode.swift; path = StyledButton.swift; sourceTree = "<group>"; };
		C34A1C632AD8381400587234 /* AppleButton.swift */ = {isa = PBXFileReference; lastKnownFileType = sourcecode.swift; path = AppleButton.swift; sourceTree = "<group>"; };
		C34A1C652AD838C500587234 /* LoginFooterLink.swift */ = {isa = PBXFileReference; lastKnownFileType = sourcecode.swift; path = LoginFooterLink.swift; sourceTree = "<group>"; };
		C34A1C672AD83AB700587234 /* Owner.swift */ = {isa = PBXFileReference; lastKnownFileType = sourcecode.swift; path = Owner.swift; sourceTree = "<group>"; };
		C34A1C692AD83B4000587234 /* KeepConectedToggle.swift */ = {isa = PBXFileReference; lastKnownFileType = sourcecode.swift; path = KeepConectedToggle.swift; sourceTree = "<group>"; };
		C36CACDF2AD99ABB00508454 /* GoogleService-Info.plist */ = {isa = PBXFileReference; fileEncoding = 4; lastKnownFileType = text.plist.xml; path = "GoogleService-Info.plist"; sourceTree = "<group>"; };
		C36CACED2AD99E1A00508454 /* FirebaseConfig.swift */ = {isa = PBXFileReference; lastKnownFileType = sourcecode.swift; path = FirebaseConfig.swift; sourceTree = "<group>"; };
		C36CACEF2AD9A07700508454 /* User.swift */ = {isa = PBXFileReference; lastKnownFileType = sourcecode.swift; path = User.swift; sourceTree = "<group>"; };
		C36CACF12AD9AB5D00508454 /* CountryList2.swift */ = {isa = PBXFileReference; lastKnownFileType = sourcecode.swift; path = CountryList2.swift; sourceTree = "<group>"; };
		C380E1712AD96939005258A1 /* CountryDetailTitleCard.swift */ = {isa = PBXFileReference; lastKnownFileType = sourcecode.swift; path = CountryDetailTitleCard.swift; sourceTree = "<group>"; };
		C3A405442AD852B90047473F /* SignUpView.swift */ = {isa = PBXFileReference; lastKnownFileType = sourcecode.swift; path = SignUpView.swift; sourceTree = "<group>"; };
		C3A405462AD867E70047473F /* HomeView.swift */ = {isa = PBXFileReference; lastKnownFileType = sourcecode.swift; path = HomeView.swift; sourceTree = "<group>"; };
		C3A405492AD869AE0047473F /* CountryList.swift */ = {isa = PBXFileReference; lastKnownFileType = sourcecode.swift; path = CountryList.swift; sourceTree = "<group>"; };
		C3A4054B2AD86D0A0047473F /* CountryCard.swift */ = {isa = PBXFileReference; lastKnownFileType = sourcecode.swift; path = CountryCard.swift; sourceTree = "<group>"; };
		C3A405502AD89CD40047473F /* TabNavigationView.swift */ = {isa = PBXFileReference; lastKnownFileType = sourcecode.swift; path = TabNavigationView.swift; sourceTree = "<group>"; };
		C3D5B6472AD94A5A001CF583 /* CountryDetailsTab.swift */ = {isa = PBXFileReference; lastKnownFileType = sourcecode.swift; path = CountryDetailsTab.swift; sourceTree = "<group>"; };
		C3D5B6492AD94C2E001CF583 /* CountryMapTab.swift */ = {isa = PBXFileReference; lastKnownFileType = sourcecode.swift; path = CountryMapTab.swift; sourceTree = "<group>"; };
		C3D5B64B2AD94C6E001CF583 /* CountryHistoryTab.swift */ = {isa = PBXFileReference; lastKnownFileType = sourcecode.swift; path = CountryHistoryTab.swift; sourceTree = "<group>"; };
		C3D5B64D2AD958E3001CF583 /* CountryDetailCard.swift */ = {isa = PBXFileReference; lastKnownFileType = sourcecode.swift; path = CountryDetailCard.swift; sourceTree = "<group>"; };
/* End PBXFileReference section */

/* Begin PBXFrameworksBuildPhase section */
		C34A1C472AD8195C00587234 /* Frameworks */ = {
			isa = PBXFrameworksBuildPhase;
			buildActionMask = 2147483647;
			files = (
				C36CACEB2AD99B3A00508454 /* FirebaseFirestoreSwift in Frameworks */,
				C36CACE52AD99B3A00508454 /* FirebaseAnalyticsSwift in Frameworks */,
				C36CACE92AD99B3A00508454 /* FirebaseFirestore in Frameworks */,
				C36CACE72AD99B3A00508454 /* FirebaseAuth in Frameworks */,
				C36CACE32AD99B3A00508454 /* FirebaseAnalytics in Frameworks */,
			);
			runOnlyForDeploymentPostprocessing = 0;
		};
/* End PBXFrameworksBuildPhase section */

/* Begin PBXGroup section */
		C34A1C412AD8195C00587234 = {
			isa = PBXGroup;
			children = (
				C34A1C4C2AD8195C00587234 /* CountriesApp SwiftUI */,
				C34A1C4B2AD8195C00587234 /* Products */,
			);
			sourceTree = "<group>";
		};
		C34A1C4B2AD8195C00587234 /* Products */ = {
			isa = PBXGroup;
			children = (
				C34A1C4A2AD8195C00587234 /* CountriesApp SwiftUI.app */,
			);
			name = Products;
			sourceTree = "<group>";
		};
		C34A1C4C2AD8195C00587234 /* CountriesApp SwiftUI */ = {
			isa = PBXGroup;
			children = (
				C36CACEC2AD99DE800508454 /* Firebase */,
				C36CACDF2AD99ABB00508454 /* GoogleService-Info.plist */,
				C3A405482AD869910047473F /* Model */,
				C34A1C5B2AD81B6600587234 /* View */,
				C34A1C4D2AD8195C00587234 /* CountriesApp_SwiftUIApp.swift */,
				C34A1C4F2AD8195C00587234 /* ContentView.swift */,
				C34A1C512AD8195D00587234 /* Assets.xcassets */,
				C34A1C532AD8195D00587234 /* Preview Content */,
			);
			path = "CountriesApp SwiftUI";
			sourceTree = "<group>";
		};
		C34A1C532AD8195D00587234 /* Preview Content */ = {
			isa = PBXGroup;
			children = (
				C34A1C542AD8195D00587234 /* Preview Assets.xcassets */,
			);
			path = "Preview Content";
			sourceTree = "<group>";
		};
		C34A1C5B2AD81B6600587234 /* View */ = {
			isa = PBXGroup;
			children = (
				C34A1C5C2AD81B6F00587234 /* Components */,
				C34A1C5F2AD8300300587234 /* LoginView.swift */,
				C3A405442AD852B90047473F /* SignUpView.swift */,
				C3A405462AD867E70047473F /* HomeView.swift */,
				C3A405502AD89CD40047473F /* TabNavigationView.swift */,
				C3D5B6472AD94A5A001CF583 /* CountryDetailsTab.swift */,
				C3D5B6492AD94C2E001CF583 /* CountryMapTab.swift */,
				C3D5B64B2AD94C6E001CF583 /* CountryHistoryTab.swift */,
			);
			path = View;
			sourceTree = "<group>";
		};
		C34A1C5C2AD81B6F00587234 /* Components */ = {
			isa = PBXGroup;
			children = (
				C34A1C5D2AD81B8B00587234 /* RoundedTextField.swift */,
				C34A1C612AD8370600587234 /* StyledButton.swift */,
				C34A1C632AD8381400587234 /* AppleButton.swift */,
				C34A1C652AD838C500587234 /* LoginFooterLink.swift */,
				C34A1C672AD83AB700587234 /* Owner.swift */,
				C34A1C692AD83B4000587234 /* KeepConectedToggle.swift */,
				C3A4054B2AD86D0A0047473F /* CountryCard.swift */,
				C3D5B64D2AD958E3001CF583 /* CountryDetailCard.swift */,
				C380E1712AD96939005258A1 /* CountryDetailTitleCard.swift */,
			);
			path = Components;
			sourceTree = "<group>";
		};
		C36CACEC2AD99DE800508454 /* Firebase */ = {
			isa = PBXGroup;
			children = (
				C36CACED2AD99E1A00508454 /* FirebaseConfig.swift */,
			);
			path = Firebase;
			sourceTree = "<group>";
		};
		C3A405482AD869910047473F /* Model */ = {
			isa = PBXGroup;
			children = (
				C3A405492AD869AE0047473F /* CountryList.swift */,
				C36CACEF2AD9A07700508454 /* User.swift */,
				C36CACF12AD9AB5D00508454 /* CountryList2.swift */,
			);
			path = Model;
			sourceTree = "<group>";
		};
/* End PBXGroup section */

/* Begin PBXNativeTarget section */
		C34A1C492AD8195C00587234 /* CountriesApp SwiftUI */ = {
			isa = PBXNativeTarget;
			buildConfigurationList = C34A1C582AD8195D00587234 /* Build configuration list for PBXNativeTarget "CountriesApp SwiftUI" */;
			buildPhases = (
				C34A1C462AD8195C00587234 /* Sources */,
				C34A1C472AD8195C00587234 /* Frameworks */,
				C34A1C482AD8195C00587234 /* Resources */,
			);
			buildRules = (
			);
			dependencies = (
			);
			name = "CountriesApp SwiftUI";
			packageProductDependencies = (
				C36CACE22AD99B3A00508454 /* FirebaseAnalytics */,
				C36CACE42AD99B3A00508454 /* FirebaseAnalyticsSwift */,
				C36CACE62AD99B3A00508454 /* FirebaseAuth */,
				C36CACE82AD99B3A00508454 /* FirebaseFirestore */,
				C36CACEA2AD99B3A00508454 /* FirebaseFirestoreSwift */,
			);
			productName = "CountriesApp SwiftUI";
			productReference = C34A1C4A2AD8195C00587234 /* CountriesApp SwiftUI.app */;
			productType = "com.apple.product-type.application";
		};
/* End PBXNativeTarget section */

/* Begin PBXProject section */
		C34A1C422AD8195C00587234 /* Project object */ = {
			isa = PBXProject;
			attributes = {
				BuildIndependentTargetsInParallel = 1;
				LastSwiftUpdateCheck = 1430;
				LastUpgradeCheck = 1430;
				TargetAttributes = {
					C34A1C492AD8195C00587234 = {
						CreatedOnToolsVersion = 14.3.1;
					};
				};
			};
			buildConfigurationList = C34A1C452AD8195C00587234 /* Build configuration list for PBXProject "CountriesApp SwiftUI" */;
			compatibilityVersion = "Xcode 14.0";
			developmentRegion = en;
			hasScannedForEncodings = 0;
			knownRegions = (
				en,
				Base,
			);
			mainGroup = C34A1C412AD8195C00587234;
			packageReferences = (
				C36CACE12AD99B3A00508454 /* XCRemoteSwiftPackageReference "firebase-ios-sdk" */,
			);
			productRefGroup = C34A1C4B2AD8195C00587234 /* Products */;
			projectDirPath = "";
			projectRoot = "";
			targets = (
				C34A1C492AD8195C00587234 /* CountriesApp SwiftUI */,
			);
		};
/* End PBXProject section */

/* Begin PBXResourcesBuildPhase section */
		C34A1C482AD8195C00587234 /* Resources */ = {
			isa = PBXResourcesBuildPhase;
			buildActionMask = 2147483647;
			files = (
				C34A1C552AD8195D00587234 /* Preview Assets.xcassets in Resources */,
				C34A1C522AD8195D00587234 /* Assets.xcassets in Resources */,
				C36CACE02AD99ABB00508454 /* GoogleService-Info.plist in Resources */,
			);
			runOnlyForDeploymentPostprocessing = 0;
		};
/* End PBXResourcesBuildPhase section */

/* Begin PBXSourcesBuildPhase section */
		C34A1C462AD8195C00587234 /* Sources */ = {
			isa = PBXSourcesBuildPhase;
			buildActionMask = 2147483647;
			files = (
				C34A1C642AD8381400587234 /* AppleButton.swift in Sources */,
				C36CACF22AD9AB5D00508454 /* CountryList2.swift in Sources */,
				C34A1C682AD83AB700587234 /* Owner.swift in Sources */,
				C34A1C502AD8195C00587234 /* ContentView.swift in Sources */,
				C34A1C5E2AD81B8B00587234 /* RoundedTextField.swift in Sources */,
				C34A1C622AD8370600587234 /* StyledButton.swift in Sources */,
				C3A405472AD867E70047473F /* HomeView.swift in Sources */,
				C34A1C602AD8300300587234 /* LoginView.swift in Sources */,
				C3D5B64E2AD958E3001CF583 /* CountryDetailCard.swift in Sources */,
				C3D5B64C2AD94C6E001CF583 /* CountryHistoryTab.swift in Sources */,
				C3D5B64A2AD94C2E001CF583 /* CountryMapTab.swift in Sources */,
				C3A405452AD852B90047473F /* SignUpView.swift in Sources */,
				C3D5B6482AD94A5A001CF583 /* CountryDetailsTab.swift in Sources */,
				C3A4054A2AD869AE0047473F /* CountryList.swift in Sources */,
				C34A1C4E2AD8195C00587234 /* CountriesApp_SwiftUIApp.swift in Sources */,
				C380E1722AD96939005258A1 /* CountryDetailTitleCard.swift in Sources */,
				C3A405512AD89CD40047473F /* TabNavigationView.swift in Sources */,
				C34A1C662AD838C600587234 /* LoginFooterLink.swift in Sources */,
				C3A4054C2AD86D0A0047473F /* CountryCard.swift in Sources */,
				C36CACEE2AD99E1A00508454 /* FirebaseConfig.swift in Sources */,
				C34A1C6A2AD83B4000587234 /* KeepConectedToggle.swift in Sources */,
				C36CACF02AD9A07700508454 /* User.swift in Sources */,
			);
			runOnlyForDeploymentPostprocessing = 0;
		};
/* End PBXSourcesBuildPhase section */

/* Begin XCBuildConfiguration section */
		C34A1C562AD8195D00587234 /* Debug */ = {
			isa = XCBuildConfiguration;
			buildSettings = {
				ALWAYS_SEARCH_USER_PATHS = NO;
				CLANG_ANALYZER_NONNULL = YES;
				CLANG_ANALYZER_NUMBER_OBJECT_CONVERSION = YES_AGGRESSIVE;
				CLANG_CXX_LANGUAGE_STANDARD = "gnu++20";
				CLANG_ENABLE_MODULES = YES;
				CLANG_ENABLE_OBJC_ARC = YES;
				CLANG_ENABLE_OBJC_WEAK = YES;
				CLANG_WARN_BLOCK_CAPTURE_AUTORELEASING = YES;
				CLANG_WARN_BOOL_CONVERSION = YES;
				CLANG_WARN_COMMA = YES;
				CLANG_WARN_CONSTANT_CONVERSION = YES;
				CLANG_WARN_DEPRECATED_OBJC_IMPLEMENTATIONS = YES;
				CLANG_WARN_DIRECT_OBJC_ISA_USAGE = YES_ERROR;
				CLANG_WARN_DOCUMENTATION_COMMENTS = YES;
				CLANG_WARN_EMPTY_BODY = YES;
				CLANG_WARN_ENUM_CONVERSION = YES;
				CLANG_WARN_INFINITE_RECURSION = YES;
				CLANG_WARN_INT_CONVERSION = YES;
				CLANG_WARN_NON_LITERAL_NULL_CONVERSION = YES;
				CLANG_WARN_OBJC_IMPLICIT_RETAIN_SELF = YES;
				CLANG_WARN_OBJC_LITERAL_CONVERSION = YES;
				CLANG_WARN_OBJC_ROOT_CLASS = YES_ERROR;
				CLANG_WARN_QUOTED_INCLUDE_IN_FRAMEWORK_HEADER = YES;
				CLANG_WARN_RANGE_LOOP_ANALYSIS = YES;
				CLANG_WARN_STRICT_PROTOTYPES = YES;
				CLANG_WARN_SUSPICIOUS_MOVE = YES;
				CLANG_WARN_UNGUARDED_AVAILABILITY = YES_AGGRESSIVE;
				CLANG_WARN_UNREACHABLE_CODE = YES;
				CLANG_WARN__DUPLICATE_METHOD_MATCH = YES;
				COPY_PHASE_STRIP = NO;
				DEBUG_INFORMATION_FORMAT = dwarf;
				ENABLE_STRICT_OBJC_MSGSEND = YES;
				ENABLE_TESTABILITY = YES;
				GCC_C_LANGUAGE_STANDARD = gnu11;
				GCC_DYNAMIC_NO_PIC = NO;
				GCC_NO_COMMON_BLOCKS = YES;
				GCC_OPTIMIZATION_LEVEL = 0;
				GCC_PREPROCESSOR_DEFINITIONS = (
					"DEBUG=1",
					"$(inherited)",
				);
				GCC_WARN_64_TO_32_BIT_CONVERSION = YES;
				GCC_WARN_ABOUT_RETURN_TYPE = YES_ERROR;
				GCC_WARN_UNDECLARED_SELECTOR = YES;
				GCC_WARN_UNINITIALIZED_AUTOS = YES_AGGRESSIVE;
				GCC_WARN_UNUSED_FUNCTION = YES;
				GCC_WARN_UNUSED_VARIABLE = YES;
				IPHONEOS_DEPLOYMENT_TARGET = 16.4;
				MTL_ENABLE_DEBUG_INFO = INCLUDE_SOURCE;
				MTL_FAST_MATH = YES;
				ONLY_ACTIVE_ARCH = YES;
				SDKROOT = iphoneos;
				SWIFT_ACTIVE_COMPILATION_CONDITIONS = DEBUG;
				SWIFT_OPTIMIZATION_LEVEL = "-Onone";
			};
			name = Debug;
		};
		C34A1C572AD8195D00587234 /* Release */ = {
			isa = XCBuildConfiguration;
			buildSettings = {
				ALWAYS_SEARCH_USER_PATHS = NO;
				CLANG_ANALYZER_NONNULL = YES;
				CLANG_ANALYZER_NUMBER_OBJECT_CONVERSION = YES_AGGRESSIVE;
				CLANG_CXX_LANGUAGE_STANDARD = "gnu++20";
				CLANG_ENABLE_MODULES = YES;
				CLANG_ENABLE_OBJC_ARC = YES;
				CLANG_ENABLE_OBJC_WEAK = YES;
				CLANG_WARN_BLOCK_CAPTURE_AUTORELEASING = YES;
				CLANG_WARN_BOOL_CONVERSION = YES;
				CLANG_WARN_COMMA = YES;
				CLANG_WARN_CONSTANT_CONVERSION = YES;
				CLANG_WARN_DEPRECATED_OBJC_IMPLEMENTATIONS = YES;
				CLANG_WARN_DIRECT_OBJC_ISA_USAGE = YES_ERROR;
				CLANG_WARN_DOCUMENTATION_COMMENTS = YES;
				CLANG_WARN_EMPTY_BODY = YES;
				CLANG_WARN_ENUM_CONVERSION = YES;
				CLANG_WARN_INFINITE_RECURSION = YES;
				CLANG_WARN_INT_CONVERSION = YES;
				CLANG_WARN_NON_LITERAL_NULL_CONVERSION = YES;
				CLANG_WARN_OBJC_IMPLICIT_RETAIN_SELF = YES;
				CLANG_WARN_OBJC_LITERAL_CONVERSION = YES;
				CLANG_WARN_OBJC_ROOT_CLASS = YES_ERROR;
				CLANG_WARN_QUOTED_INCLUDE_IN_FRAMEWORK_HEADER = YES;
				CLANG_WARN_RANGE_LOOP_ANALYSIS = YES;
				CLANG_WARN_STRICT_PROTOTYPES = YES;
				CLANG_WARN_SUSPICIOUS_MOVE = YES;
				CLANG_WARN_UNGUARDED_AVAILABILITY = YES_AGGRESSIVE;
				CLANG_WARN_UNREACHABLE_CODE = YES;
				CLANG_WARN__DUPLICATE_METHOD_MATCH = YES;
				COPY_PHASE_STRIP = NO;
				DEBUG_INFORMATION_FORMAT = "dwarf-with-dsym";
				ENABLE_NS_ASSERTIONS = NO;
				ENABLE_STRICT_OBJC_MSGSEND = YES;
				GCC_C_LANGUAGE_STANDARD = gnu11;
				GCC_NO_COMMON_BLOCKS = YES;
				GCC_WARN_64_TO_32_BIT_CONVERSION = YES;
				GCC_WARN_ABOUT_RETURN_TYPE = YES_ERROR;
				GCC_WARN_UNDECLARED_SELECTOR = YES;
				GCC_WARN_UNINITIALIZED_AUTOS = YES_AGGRESSIVE;
				GCC_WARN_UNUSED_FUNCTION = YES;
				GCC_WARN_UNUSED_VARIABLE = YES;
				IPHONEOS_DEPLOYMENT_TARGET = 16.4;
				MTL_ENABLE_DEBUG_INFO = NO;
				MTL_FAST_MATH = YES;
				SDKROOT = iphoneos;
				SWIFT_COMPILATION_MODE = wholemodule;
				SWIFT_OPTIMIZATION_LEVEL = "-O";
				VALIDATE_PRODUCT = YES;
			};
			name = Release;
		};
		C34A1C592AD8195D00587234 /* Debug */ = {
			isa = XCBuildConfiguration;
			buildSettings = {
				ASSETCATALOG_COMPILER_APPICON_NAME = AppIcon;
				ASSETCATALOG_COMPILER_GLOBAL_ACCENT_COLOR_NAME = AccentColor;
				CODE_SIGN_STYLE = Automatic;
				CURRENT_PROJECT_VERSION = 1;
				DEVELOPMENT_ASSET_PATHS = "\"CountriesApp SwiftUI/Preview Content\"";
				ENABLE_PREVIEWS = YES;
				GENERATE_INFOPLIST_FILE = YES;
				INFOPLIST_KEY_UIApplicationSceneManifest_Generation = YES;
				INFOPLIST_KEY_UIApplicationSupportsIndirectInputEvents = YES;
				INFOPLIST_KEY_UILaunchScreen_Generation = YES;
				INFOPLIST_KEY_UISupportedInterfaceOrientations_iPad = "UIInterfaceOrientationPortrait UIInterfaceOrientationPortraitUpsideDown UIInterfaceOrientationLandscapeLeft UIInterfaceOrientationLandscapeRight";
				INFOPLIST_KEY_UISupportedInterfaceOrientations_iPhone = "UIInterfaceOrientationPortrait UIInterfaceOrientationLandscapeLeft UIInterfaceOrientationLandscapeRight";
				LD_RUNPATH_SEARCH_PATHS = (
					"$(inherited)",
					"@executable_path/Frameworks",
				);
				MARKETING_VERSION = 1.0;
				PRODUCT_BUNDLE_IDENTIFIER = "com.telias.CountriesApp-SwiftUI";
				PRODUCT_NAME = "$(TARGET_NAME)";
				SWIFT_EMIT_LOC_STRINGS = YES;
				SWIFT_VERSION = 5.0;
				TARGETED_DEVICE_FAMILY = "1,2";
			};
			name = Debug;
		};
		C34A1C5A2AD8195D00587234 /* Release */ = {
			isa = XCBuildConfiguration;
			buildSettings = {
				ASSETCATALOG_COMPILER_APPICON_NAME = AppIcon;
				ASSETCATALOG_COMPILER_GLOBAL_ACCENT_COLOR_NAME = AccentColor;
				CODE_SIGN_STYLE = Automatic;
				CURRENT_PROJECT_VERSION = 1;
				DEVELOPMENT_ASSET_PATHS = "\"CountriesApp SwiftUI/Preview Content\"";
				ENABLE_PREVIEWS = YES;
				GENERATE_INFOPLIST_FILE = YES;
				INFOPLIST_KEY_UIApplicationSceneManifest_Generation = YES;
				INFOPLIST_KEY_UIApplicationSupportsIndirectInputEvents = YES;
				INFOPLIST_KEY_UILaunchScreen_Generation = YES;
				INFOPLIST_KEY_UISupportedInterfaceOrientations_iPad = "UIInterfaceOrientationPortrait UIInterfaceOrientationPortraitUpsideDown UIInterfaceOrientationLandscapeLeft UIInterfaceOrientationLandscapeRight";
				INFOPLIST_KEY_UISupportedInterfaceOrientations_iPhone = "UIInterfaceOrientationPortrait UIInterfaceOrientationLandscapeLeft UIInterfaceOrientationLandscapeRight";
				LD_RUNPATH_SEARCH_PATHS = (
					"$(inherited)",
					"@executable_path/Frameworks",
				);
				MARKETING_VERSION = 1.0;
				PRODUCT_BUNDLE_IDENTIFIER = "com.telias.CountriesApp-SwiftUI";
				PRODUCT_NAME = "$(TARGET_NAME)";
				SWIFT_EMIT_LOC_STRINGS = YES;
				SWIFT_VERSION = 5.0;
				TARGETED_DEVICE_FAMILY = "1,2";
			};
			name = Release;
		};
/* End XCBuildConfiguration section */

/* Begin XCConfigurationList section */
		C34A1C452AD8195C00587234 /* Build configuration list for PBXProject "CountriesApp SwiftUI" */ = {
			isa = XCConfigurationList;
			buildConfigurations = (
				C34A1C562AD8195D00587234 /* Debug */,
				C34A1C572AD8195D00587234 /* Release */,
			);
			defaultConfigurationIsVisible = 0;
			defaultConfigurationName = Release;
		};
		C34A1C582AD8195D00587234 /* Build configuration list for PBXNativeTarget "CountriesApp SwiftUI" */ = {
			isa = XCConfigurationList;
			buildConfigurations = (
				C34A1C592AD8195D00587234 /* Debug */,
				C34A1C5A2AD8195D00587234 /* Release */,
			);
			defaultConfigurationIsVisible = 0;
			defaultConfigurationName = Release;
		};
/* End XCConfigurationList section */

/* Begin XCRemoteSwiftPackageReference section */
		C36CACE12AD99B3A00508454 /* XCRemoteSwiftPackageReference "firebase-ios-sdk" */ = {
			isa = XCRemoteSwiftPackageReference;
			repositoryURL = "https://github.com/firebase/firebase-ios-sdk";
			requirement = {
				kind = upToNextMajorVersion;
				minimumVersion = 10.0.0;
			};
		};
/* End XCRemoteSwiftPackageReference section */

/* Begin XCSwiftPackageProductDependency section */
		C36CACE22AD99B3A00508454 /* FirebaseAnalytics */ = {
			isa = XCSwiftPackageProductDependency;
			package = C36CACE12AD99B3A00508454 /* XCRemoteSwiftPackageReference "firebase-ios-sdk" */;
			productName = FirebaseAnalytics;
		};
		C36CACE42AD99B3A00508454 /* FirebaseAnalyticsSwift */ = {
			isa = XCSwiftPackageProductDependency;
			package = C36CACE12AD99B3A00508454 /* XCRemoteSwiftPackageReference "firebase-ios-sdk" */;
			productName = FirebaseAnalyticsSwift;
		};
		C36CACE62AD99B3A00508454 /* FirebaseAuth */ = {
			isa = XCSwiftPackageProductDependency;
			package = C36CACE12AD99B3A00508454 /* XCRemoteSwiftPackageReference "firebase-ios-sdk" */;
			productName = FirebaseAuth;
		};
		C36CACE82AD99B3A00508454 /* FirebaseFirestore */ = {
			isa = XCSwiftPackageProductDependency;
			package = C36CACE12AD99B3A00508454 /* XCRemoteSwiftPackageReference "firebase-ios-sdk" */;
			productName = FirebaseFirestore;
		};
		C36CACEA2AD99B3A00508454 /* FirebaseFirestoreSwift */ = {
			isa = XCSwiftPackageProductDependency;
			package = C36CACE12AD99B3A00508454 /* XCRemoteSwiftPackageReference "firebase-ios-sdk" */;
			productName = FirebaseFirestoreSwift;
		};
/* End XCSwiftPackageProductDependency section */
	};
	rootObject = C34A1C422AD8195C00587234 /* Project object */;
}
